// !$*UTF8*$!
{
	archiveVersion = 1;
	classes = {
	};
	objectVersion = 50;
	objects = {

/* Begin PBXBuildFile section */
		779749F921E2FEEE008CE19B /* AppDelegate.swift in Sources */ = {isa = PBXBuildFile; fileRef = 779749F821E2FEEE008CE19B /* AppDelegate.swift */; };
		779749FB21E2FEEE008CE19B /* ListViewController.swift in Sources */ = {isa = PBXBuildFile; fileRef = 779749FA21E2FEEE008CE19B /* ListViewController.swift */; };
		779749FE21E2FEEE008CE19B /* Main.storyboard in Resources */ = {isa = PBXBuildFile; fileRef = 779749FC21E2FEEE008CE19B /* Main.storyboard */; };
		77974A0321E2FEF0008CE19B /* Assets.xcassets in Resources */ = {isa = PBXBuildFile; fileRef = 77974A0221E2FEF0008CE19B /* Assets.xcassets */; };
		77974A0621E2FEF0008CE19B /* LaunchScreen.storyboard in Resources */ = {isa = PBXBuildFile; fileRef = 77974A0421E2FEF0008CE19B /* LaunchScreen.storyboard */; };
		77974A1121E2FEF0008CE19B /* BefourTests.swift in Sources */ = {isa = PBXBuildFile; fileRef = 77974A1021E2FEF0008CE19B /* BefourTests.swift */; };
		77974A2021E2FF87008CE19B /* ListTableViewCell.swift in Sources */ = {isa = PBXBuildFile; fileRef = 77974A1F21E2FF87008CE19B /* ListTableViewCell.swift */; };
		77974A2221E2FF97008CE19B /* Item.swift in Sources */ = {isa = PBXBuildFile; fileRef = 77974A2121E2FF97008CE19B /* Item.swift */; };
		77974A2421E2FFC1008CE19B /* List.swift in Sources */ = {isa = PBXBuildFile; fileRef = 77974A2321E2FFC1008CE19B /* List.swift */; };
		77974A2621E2FFDA008CE19B /* DetailViewController.swift in Sources */ = {isa = PBXBuildFile; fileRef = 77974A2521E2FFDA008CE19B /* DetailViewController.swift */; };
/* End PBXBuildFile section */

/* Begin PBXContainerItemProxy section */
		77974A0D21E2FEF0008CE19B /* PBXContainerItemProxy */ = {
			isa = PBXContainerItemProxy;
			containerPortal = 779749ED21E2FEEE008CE19B /* Project object */;
			proxyType = 1;
			remoteGlobalIDString = 779749F421E2FEEE008CE19B;
			remoteInfo = Befour;
		};
/* End PBXContainerItemProxy section */

/* Begin PBXFileReference section */
		779749F521E2FEEE008CE19B /* Befour.app */ = {isa = PBXFileReference; explicitFileType = wrapper.application; includeInIndex = 0; path = Befour.app; sourceTree = BUILT_PRODUCTS_DIR; };
		779749F821E2FEEE008CE19B /* AppDelegate.swift */ = {isa = PBXFileReference; lastKnownFileType = sourcecode.swift; path = AppDelegate.swift; sourceTree = "<group>"; };
		779749FA21E2FEEE008CE19B /* ListViewController.swift */ = {isa = PBXFileReference; lastKnownFileType = sourcecode.swift; path = ListViewController.swift; sourceTree = "<group>"; };
		779749FD21E2FEEE008CE19B /* Base */ = {isa = PBXFileReference; lastKnownFileType = file.storyboard; name = Base; path = Base.lproj/Main.storyboard; sourceTree = "<group>"; };
		77974A0221E2FEF0008CE19B /* Assets.xcassets */ = {isa = PBXFileReference; lastKnownFileType = folder.assetcatalog; path = Assets.xcassets; sourceTree = "<group>"; };
		77974A0521E2FEF0008CE19B /* Base */ = {isa = PBXFileReference; lastKnownFileType = file.storyboard; name = Base; path = Base.lproj/LaunchScreen.storyboard; sourceTree = "<group>"; };
		77974A0721E2FEF0008CE19B /* Info.plist */ = {isa = PBXFileReference; lastKnownFileType = text.plist.xml; path = Info.plist; sourceTree = "<group>"; };
		77974A0C21E2FEF0008CE19B /* BefourTests.xctest */ = {isa = PBXFileReference; explicitFileType = wrapper.cfbundle; includeInIndex = 0; path = BefourTests.xctest; sourceTree = BUILT_PRODUCTS_DIR; };
		77974A1021E2FEF0008CE19B /* BefourTests.swift */ = {isa = PBXFileReference; lastKnownFileType = sourcecode.swift; path = BefourTests.swift; sourceTree = "<group>"; };
		77974A1221E2FEF0008CE19B /* Info.plist */ = {isa = PBXFileReference; lastKnownFileType = text.plist.xml; path = Info.plist; sourceTree = "<group>"; };
		77974A1F21E2FF87008CE19B /* ListTableViewCell.swift */ = {isa = PBXFileReference; lastKnownFileType = sourcecode.swift; path = ListTableViewCell.swift; sourceTree = "<group>"; };
		77974A2121E2FF97008CE19B /* Item.swift */ = {isa = PBXFileReference; lastKnownFileType = sourcecode.swift; path = Item.swift; sourceTree = "<group>"; };
		77974A2321E2FFC1008CE19B /* List.swift */ = {isa = PBXFileReference; lastKnownFileType = sourcecode.swift; path = List.swift; sourceTree = "<group>"; };
		77974A2521E2FFDA008CE19B /* DetailViewController.swift */ = {isa = PBXFileReference; lastKnownFileType = sourcecode.swift; path = DetailViewController.swift; sourceTree = "<group>"; };
/* End PBXFileReference section */

/* Begin PBXFrameworksBuildPhase section */
		779749F221E2FEEE008CE19B /* Frameworks */ = {
			isa = PBXFrameworksBuildPhase;
			buildActionMask = 2147483647;
			files = (
			);
			runOnlyForDeploymentPostprocessing = 0;
		};
		77974A0921E2FEF0008CE19B /* Frameworks */ = {
			isa = PBXFrameworksBuildPhase;
			buildActionMask = 2147483647;
			files = (
			);
			runOnlyForDeploymentPostprocessing = 0;
		};
/* End PBXFrameworksBuildPhase section */

/* Begin PBXGroup section */
		779749EC21E2FEEE008CE19B = {
			isa = PBXGroup;
			children = (
				779749F721E2FEEE008CE19B /* Befour */,
				77974A0F21E2FEF0008CE19B /* BefourTests */,
				779749F621E2FEEE008CE19B /* Products */,
			);
			sourceTree = "<group>";
		};
		779749F621E2FEEE008CE19B /* Products */ = {
			isa = PBXGroup;
			children = (
				779749F521E2FEEE008CE19B /* Befour.app */,
				77974A0C21E2FEF0008CE19B /* BefourTests.xctest */,
			);
			name = Products;
			sourceTree = "<group>";
		};
		779749F721E2FEEE008CE19B /* Befour */ = {
			isa = PBXGroup;
			children = (
				77974A1E21E2FF4C008CE19B /* Utility */,
				77974A1D21E2FF3E008CE19B /* Model */,
				77974A1C21E2FF39008CE19B /* View */,
				77974A1B21E2FF34008CE19B /* Controller */,
				779749FC21E2FEEE008CE19B /* Main.storyboard */,
				77974A0421E2FEF0008CE19B /* LaunchScreen.storyboard */,
				77974A0221E2FEF0008CE19B /* Assets.xcassets */,
				77974A0721E2FEF0008CE19B /* Info.plist */,
			);
			path = Befour;
			sourceTree = "<group>";
		};
		77974A0F21E2FEF0008CE19B /* BefourTests */ = {
			isa = PBXGroup;
			children = (
				77974A1021E2FEF0008CE19B /* BefourTests.swift */,
				77974A1221E2FEF0008CE19B /* Info.plist */,
			);
			path = BefourTests;
			sourceTree = "<group>";
		};
		77974A1B21E2FF34008CE19B /* Controller */ = {
			isa = PBXGroup;
			children = (
				779749FA21E2FEEE008CE19B /* ListViewController.swift */,
				77974A2521E2FFDA008CE19B /* DetailViewController.swift */,
			);
			path = Controller;
			sourceTree = "<group>";
		};
		77974A1C21E2FF39008CE19B /* View */ = {
			isa = PBXGroup;
			children = (
				77974A1F21E2FF87008CE19B /* ListTableViewCell.swift */,
			);
			path = View;
			sourceTree = "<group>";
		};
		77974A1D21E2FF3E008CE19B /* Model */ = {
			isa = PBXGroup;
			children = (
				77974A2121E2FF97008CE19B /* Item.swift */,
				77974A2321E2FFC1008CE19B /* List.swift */,
			);
			path = Model;
			sourceTree = "<group>";
		};
		77974A1E21E2FF4C008CE19B /* Utility */ = {
			isa = PBXGroup;
			children = (
				779749F821E2FEEE008CE19B /* AppDelegate.swift */,
			);
			path = Utility;
			sourceTree = "<group>";
		};
/* End PBXGroup section */

/* Begin PBXNativeTarget section */
		779749F421E2FEEE008CE19B /* Befour */ = {
			isa = PBXNativeTarget;
			buildConfigurationList = 77974A1521E2FEF0008CE19B /* Build configuration list for PBXNativeTarget "Befour" */;
			buildPhases = (
				779749F121E2FEEE008CE19B /* Sources */,
				779749F221E2FEEE008CE19B /* Frameworks */,
				779749F321E2FEEE008CE19B /* Resources */,
			);
			buildRules = (
			);
			dependencies = (
			);
			name = Befour;
			productName = Befour;
			productReference = 779749F521E2FEEE008CE19B /* Befour.app */;
			productType = "com.apple.product-type.application";
		};
		77974A0B21E2FEF0008CE19B /* BefourTests */ = {
			isa = PBXNativeTarget;
			buildConfigurationList = 77974A1821E2FEF0008CE19B /* Build configuration list for PBXNativeTarget "BefourTests" */;
			buildPhases = (
				77974A0821E2FEF0008CE19B /* Sources */,
				77974A0921E2FEF0008CE19B /* Frameworks */,
				77974A0A21E2FEF0008CE19B /* Resources */,
			);
			buildRules = (
			);
			dependencies = (
				77974A0E21E2FEF0008CE19B /* PBXTargetDependency */,
			);
			name = BefourTests;
			productName = BefourTests;
			productReference = 77974A0C21E2FEF0008CE19B /* BefourTests.xctest */;
			productType = "com.apple.product-type.bundle.unit-test";
		};
/* End PBXNativeTarget section */

/* Begin PBXProject section */
		779749ED21E2FEEE008CE19B /* Project object */ = {
			isa = PBXProject;
			attributes = {
				LastSwiftUpdateCheck = 1010;
				LastUpgradeCheck = 1010;
				ORGANIZATIONNAME = "Gina De La Rosa";
				TargetAttributes = {
					779749F421E2FEEE008CE19B = {
						CreatedOnToolsVersion = 10.1;
					};
					77974A0B21E2FEF0008CE19B = {
						CreatedOnToolsVersion = 10.1;
						TestTargetID = 779749F421E2FEEE008CE19B;
					};
				};
			};
			buildConfigurationList = 779749F021E2FEEE008CE19B /* Build configuration list for PBXProject "Befour" */;
			compatibilityVersion = "Xcode 9.3";
			developmentRegion = en;
			hasScannedForEncodings = 0;
			knownRegions = (
				en,
				Base,
			);
			mainGroup = 779749EC21E2FEEE008CE19B;
			productRefGroup = 779749F621E2FEEE008CE19B /* Products */;
			projectDirPath = "";
			projectRoot = "";
			targets = (
				779749F421E2FEEE008CE19B /* Befour */,
				77974A0B21E2FEF0008CE19B /* BefourTests */,
			);
		};
/* End PBXProject section */

/* Begin PBXResourcesBuildPhase section */
		779749F321E2FEEE008CE19B /* Resources */ = {
			isa = PBXResourcesBuildPhase;
			buildActionMask = 2147483647;
			files = (
				77974A0621E2FEF0008CE19B /* LaunchScreen.storyboard in Resources */,
				77974A0321E2FEF0008CE19B /* Assets.xcassets in Resources */,
				779749FE21E2FEEE008CE19B /* Main.storyboard in Resources */,
			);
			runOnlyForDeploymentPostprocessing = 0;
		};
		77974A0A21E2FEF0008CE19B /* Resources */ = {
			isa = PBXResourcesBuildPhase;
			buildActionMask = 2147483647;
			files = (
			);
			runOnlyForDeploymentPostprocessing = 0;
		};
/* End PBXResourcesBuildPhase section */

/* Begin PBXSourcesBuildPhase section */
		779749F121E2FEEE008CE19B /* Sources */ = {
			isa = PBXSourcesBuildPhase;
			buildActionMask = 2147483647;
			files = (
				77974A2221E2FF97008CE19B /* Item.swift in Sources */,
				77974A2621E2FFDA008CE19B /* DetailViewController.swift in Sources */,
				779749FB21E2FEEE008CE19B /* ListViewController.swift in Sources */,
				77974A2021E2FF87008CE19B /* ListTableViewCell.swift in Sources */,
				779749F921E2FEEE008CE19B /* AppDelegate.swift in Sources */,
				77974A2421E2FFC1008CE19B /* List.swift in Sources */,
			);
			runOnlyForDeploymentPostprocessing = 0;
		};
		77974A0821E2FEF0008CE19B /* Sources */ = {
			isa = PBXSourcesBuildPhase;
			buildActionMask = 2147483647;
			files = (
				77974A1121E2FEF0008CE19B /* BefourTests.swift in Sources */,
			);
			runOnlyForDeploymentPostprocessing = 0;
		};
/* End PBXSourcesBuildPhase section */

/* Begin PBXTargetDependency section */
		77974A0E21E2FEF0008CE19B /* PBXTargetDependency */ = {
			isa = PBXTargetDependency;
			target = 779749F421E2FEEE008CE19B /* Befour */;
			targetProxy = 77974A0D21E2FEF0008CE19B /* PBXContainerItemProxy */;
		};
/* End PBXTargetDependency section */

/* Begin PBXVariantGroup section */
		779749FC21E2FEEE008CE19B /* Main.storyboard */ = {
			isa = PBXVariantGroup;
			children = (
				779749FD21E2FEEE008CE19B /* Base */,
			);
			name = Main.storyboard;
			sourceTree = "<group>";
		};
		77974A0421E2FEF0008CE19B /* LaunchScreen.storyboard */ = {
			isa = PBXVariantGroup;
			children = (
				77974A0521E2FEF0008CE19B /* Base */,
			);
			name = LaunchScreen.storyboard;
			sourceTree = "<group>";
		};
/* End PBXVariantGroup section */

/* Begin XCBuildConfiguration section */
		77974A1321E2FEF0008CE19B /* Debug */ = {
			isa = XCBuildConfiguration;
			buildSettings = {
				ALWAYS_SEARCH_USER_PATHS = NO;
				CLANG_ANALYZER_NONNULL = YES;
				CLANG_ANALYZER_NUMBER_OBJECT_CONVERSION = YES_AGGRESSIVE;
				CLANG_CXX_LANGUAGE_STANDARD = "gnu++14";
				CLANG_CXX_LIBRARY = "libc++";
				CLANG_ENABLE_MODULES = YES;
				CLANG_ENABLE_OBJC_ARC = YES;
				CLANG_ENABLE_OBJC_WEAK = YES;
				CLANG_WARN_BLOCK_CAPTURE_AUTORELEASING = YES;
				CLANG_WARN_BOOL_CONVERSION = YES;
				CLANG_WARN_COMMA = YES;
				CLANG_WARN_CONSTANT_CONVERSION = YES;
				CLANG_WARN_DEPRECATED_OBJC_IMPLEMENTATIONS = YES;
				CLANG_WARN_DIRECT_OBJC_ISA_USAGE = YES_ERROR;
				CLANG_WARN_DOCUMENTATION_COMMENTS = YES;
				CLANG_WARN_EMPTY_BODY = YES;
				CLANG_WARN_ENUM_CONVERSION = YES;
				CLANG_WARN_INFINITE_RECURSION = YES;
				CLANG_WARN_INT_CONVERSION = YES;
				CLANG_WARN_NON_LITERAL_NULL_CONVERSION = YES;
				CLANG_WARN_OBJC_IMPLICIT_RETAIN_SELF = YES;
				CLANG_WARN_OBJC_LITERAL_CONVERSION = YES;
				CLANG_WARN_OBJC_ROOT_CLASS = YES_ERROR;
				CLANG_WARN_RANGE_LOOP_ANALYSIS = YES;
				CLANG_WARN_STRICT_PROTOTYPES = YES;
				CLANG_WARN_SUSPICIOUS_MOVE = YES;
				CLANG_WARN_UNGUARDED_AVAILABILITY = YES_AGGRESSIVE;
				CLANG_WARN_UNREACHABLE_CODE = YES;
				CLANG_WARN__DUPLICATE_METHOD_MATCH = YES;
				CODE_SIGN_IDENTITY = "iPhone Developer";
				COPY_PHASE_STRIP = NO;
				DEBUG_INFORMATION_FORMAT = dwarf;
				ENABLE_STRICT_OBJC_MSGSEND = YES;
				ENABLE_TESTABILITY = YES;
				GCC_C_LANGUAGE_STANDARD = gnu11;
				GCC_DYNAMIC_NO_PIC = NO;
				GCC_NO_COMMON_BLOCKS = YES;
				GCC_OPTIMIZATION_LEVEL = 0;
				GCC_PREPROCESSOR_DEFINITIONS = (
					"DEBUG=1",
					"$(inherited)",
				);
				GCC_WARN_64_TO_32_BIT_CONVERSION = YES;
				GCC_WARN_ABOUT_RETURN_TYPE = YES_ERROR;
				GCC_WARN_UNDECLARED_SELECTOR = YES;
				GCC_WARN_UNINITIALIZED_AUTOS = YES_AGGRESSIVE;
				GCC_WARN_UNUSED_FUNCTION = YES;
				GCC_WARN_UNUSED_VARIABLE = YES;
				IPHONEOS_DEPLOYMENT_TARGET = 12.1;
				MTL_ENABLE_DEBUG_INFO = INCLUDE_SOURCE;
				MTL_FAST_MATH = YES;
				ONLY_ACTIVE_ARCH = YES;
				SDKROOT = iphoneos;
				SWIFT_ACTIVE_COMPILATION_CONDITIONS = DEBUG;
				SWIFT_OPTIMIZATION_LEVEL = "-Onone";
			};
			name = Debug;
		};
		77974A1421E2FEF0008CE19B /* Release */ = {
			isa = XCBuildConfiguration;
			buildSettings = {
				ALWAYS_SEARCH_USER_PATHS = NO;
				CLANG_ANALYZER_NONNULL = YES;
				CLANG_ANALYZER_NUMBER_OBJECT_CONVERSION = YES_AGGRESSIVE;
				CLANG_CXX_LANGUAGE_STANDARD = "gnu++14";
				CLANG_CXX_LIBRARY = "libc++";
				CLANG_ENABLE_MODULES = YES;
				CLANG_ENABLE_OBJC_ARC = YES;
				CLANG_ENABLE_OBJC_WEAK = YES;
				CLANG_WARN_BLOCK_CAPTURE_AUTORELEASING = YES;
				CLANG_WARN_BOOL_CONVERSION = YES;
				CLANG_WARN_COMMA = YES;
				CLANG_WARN_CONSTANT_CONVERSION = YES;
				CLANG_WARN_DEPRECATED_OBJC_IMPLEMENTATIONS = YES;
				CLANG_WARN_DIRECT_OBJC_ISA_USAGE = YES_ERROR;
				CLANG_WARN_DOCUMENTATION_COMMENTS = YES;
				CLANG_WARN_EMPTY_BODY = YES;
				CLANG_WARN_ENUM_CONVERSION = YES;
				CLANG_WARN_INFINITE_RECURSION = YES;
				CLANG_WARN_INT_CONVERSION = YES;
				CLANG_WARN_NON_LITERAL_NULL_CONVERSION = YES;
				CLANG_WARN_OBJC_IMPLICIT_RETAIN_SELF = YES;
				CLANG_WARN_OBJC_LITERAL_CONVERSION = YES;
				CLANG_WARN_OBJC_ROOT_CLASS = YES_ERROR;
				CLANG_WARN_RANGE_LOOP_ANALYSIS = YES;
				CLANG_WARN_STRICT_PROTOTYPES = YES;
				CLANG_WARN_SUSPICIOUS_MOVE = YES;
				CLANG_WARN_UNGUARDED_AVAILABILITY = YES_AGGRESSIVE;
				CLANG_WARN_UNREACHABLE_CODE = YES;
				CLANG_WARN__DUPLICATE_METHOD_MATCH = YES;
				CODE_SIGN_IDENTITY = "iPhone Developer";
				COPY_PHASE_STRIP = NO;
				DEBUG_INFORMATION_FORMAT = "dwarf-with-dsym";
				ENABLE_NS_ASSERTIONS = NO;
				ENABLE_STRICT_OBJC_MSGSEND = YES;
				GCC_C_LANGUAGE_STANDARD = gnu11;
				GCC_NO_COMMON_BLOCKS = YES;
				GCC_WARN_64_TO_32_BIT_CONVERSION = YES;
				GCC_WARN_ABOUT_RETURN_TYPE = YES_ERROR;
				GCC_WARN_UNDECLARED_SELECTOR = YES;
				GCC_WARN_UNINITIALIZED_AUTOS = YES_AGGRESSIVE;
				GCC_WARN_UNUSED_FUNCTION = YES;
				GCC_WARN_UNUSED_VARIABLE = YES;
				IPHONEOS_DEPLOYMENT_TARGET = 12.1;
				MTL_ENABLE_DEBUG_INFO = NO;
				MTL_FAST_MATH = YES;
				SDKROOT = iphoneos;
				SWIFT_COMPILATION_MODE = wholemodule;
				SWIFT_OPTIMIZATION_LEVEL = "-O";
				VALIDATE_PRODUCT = YES;
			};
			name = Release;
		};
		77974A1621E2FEF0008CE19B /* Debug */ = {
			isa = XCBuildConfiguration;
			buildSettings = {
				ASSETCATALOG_COMPILER_APPICON_NAME = AppIcon;
				CODE_SIGN_STYLE = Automatic;
				DEVELOPMENT_TEAM = A6GUQ7XNWR;
				INFOPLIST_FILE = Befour/Info.plist;
				LD_RUNPATH_SEARCH_PATHS = (
					"$(inherited)",
					"@executable_path/Frameworks",
				);
				PRODUCT_BUNDLE_IDENTIFIER = com.ginadlr.Befour;
				PRODUCT_NAME = "$(TARGET_NAME)";
				SWIFT_VERSION = 4.2;
				TARGETED_DEVICE_FAMILY = "1,2";
			};
			name = Debug;
		};
		77974A1721E2FEF0008CE19B /* Release */ = {
			isa = XCBuildConfiguration;
			buildSettings = {
				ASSETCATALOG_COMPILER_APPICON_NAME = AppIcon;
				CODE_SIGN_STYLE = Automatic;
				DEVELOPMENT_TEAM = A6GUQ7XNWR;
				INFOPLIST_FILE = Befour/Info.plist;
				LD_RUNPATH_SEARCH_PATHS = (
					"$(inherited)",
					"@executable_path/Frameworks",
				);
				PRODUCT_BUNDLE_IDENTIFIER = com.ginadlr.Befour;
				PRODUCT_NAME = "$(TARGET_NAME)";
				SWIFT_VERSION = 4.2;
				TARGETED_DEVICE_FAMILY = "1,2";
			};
			name = Release;
		};
		77974A1921E2FEF0008CE19B /* Debug */ = {
			isa = XCBuildConfiguration;
			buildSettings = {
				ALWAYS_EMBED_SWIFT_STANDARD_LIBRARIES = YES;
				BUNDLE_LOADER = "$(TEST_HOST)";
				CODE_SIGN_STYLE = Automatic;
				DEVELOPMENT_TEAM = A6GUQ7XNWR;
				INFOPLIST_FILE = BefourTests/Info.plist;
				LD_RUNPATH_SEARCH_PATHS = (
					"$(inherited)",
					"@executable_path/Frameworks",
					"@loader_path/Frameworks",
				);
				PRODUCT_BUNDLE_IDENTIFIER = com.ginadlr.BefourTests;
				PRODUCT_NAME = "$(TARGET_NAME)";
				SWIFT_VERSION = 4.2;
				TARGETED_DEVICE_FAMILY = "1,2";
				TEST_HOST = "$(BUILT_PRODUCTS_DIR)/Befour.app/Befour";
			};
			name = Debug;
		};
		77974A1A21E2FEF0008CE19B /* Release */ = {
			isa = XCBuildConfiguration;
			buildSettings = {
				ALWAYS_EMBED_SWIFT_STANDARD_LIBRARIES = YES;
				BUNDLE_LOADER = "$(TEST_HOST)";
				CODE_SIGN_STYLE = Automatic;
				DEVELOPMENT_TEAM = A6GUQ7XNWR;
				INFOPLIST_FILE = BefourTests/Info.plist;
				LD_RUNPATH_SEARCH_PATHS = (
					"$(inherited)",
					"@executable_path/Frameworks",
					"@loader_path/Frameworks",
				);
				PRODUCT_BUNDLE_IDENTIFIER = com.ginadlr.BefourTests;
				PRODUCT_NAME = "$(TARGET_NAME)";
				SWIFT_VERSION = 4.2;
				TARGETED_DEVICE_FAMILY = "1,2";
				TEST_HOST = "$(BUILT_PRODUCTS_DIR)/Befour.app/Befour";
			};
			name = Release;
		};
/* End XCBuildConfiguration section */

/* Begin XCConfigurationList section */
		779749F021E2FEEE008CE19B /* Build configuration list for PBXProject "Befour" */ = {
			isa = XCConfigurationList;
			buildConfigurations = (
				77974A1321E2FEF0008CE19B /* Debug */,
				77974A1421E2FEF0008CE19B /* Release */,
			);
			defaultConfigurationIsVisible = 0;
			defaultConfigurationName = Release;
		};
		77974A1521E2FEF0008CE19B /* Build configuration list for PBXNativeTarget "Befour" */ = {
			isa = XCConfigurationList;
			buildConfigurations = (
				77974A1621E2FEF0008CE19B /* Debug */,
				77974A1721E2FEF0008CE19B /* Release */,
			);
			defaultConfigurationIsVisible = 0;
			defaultConfigurationName = Release;
		};
		77974A1821E2FEF0008CE19B /* Build configuration list for PBXNativeTarget "BefourTests" */ = {
			isa = XCConfigurationList;
			buildConfigurations = (
				77974A1921E2FEF0008CE19B /* Debug */,
				77974A1A21E2FEF0008CE19B /* Release */,
			);
			defaultConfigurationIsVisible = 0;
			defaultConfigurationName = Release;
		};
/* End XCConfigurationList section */
	};
	rootObject = 779749ED21E2FEEE008CE19B /* Project object */;
}
